
Microsoft Visual Studio Solution File, Format Version 12.00
# Visual Studio Version 17
VisualStudioVersion = 17.7.34003.232
MinimumVisualStudioVersion = 10.0.40219.1
Project("{FAE04EC0-301F-11D3-BF4B-00C04F79EFBC}") = "ReadLabelMapList", "ReadLabelMapList.csproj", "{C7202BEC-4244-4EEF-8E71-218A3E49B5D1}"
EndProject
Global
	GlobalSection(SolutionConfigurationPlatforms) = preSolution
		Debug|Any CPU = Debug|Any CPU
		Release|Any CPU = Release|Any CPU
	EndGlobalSection
	GlobalSection(ProjectConfigurationPlatforms) = postSolution
		{C7202BEC-4244-4EEF-8E71-218A3E49B5D1}.Debug|Any CPU.ActiveCfg = Debug|Any CPU
		{C7202BEC-4244-4EEF-8E71-218A3E49B5D1}.Debug|Any CPU.Build.0 = Debug|Any CPU
		{C7202BEC-4244-4EEF-8E71-218A3E49B5D1}.Release|Any CPU.ActiveCfg = Release|Any CPU
		{C7202BEC-4244-4EEF-8E71-218A3E49B5D1}.Release|Any CPU.Build.0 = Release|Any CPU
	EndGlobalSection
	GlobalSection(SolutionProperties) = preSolution
		HideSolutionNode = FALSE
	EndGlobalSection
	GlobalSection(ExtensibilityGlobals) = postSolution
		SolutionGuid = {037DACD3-CAF3-45B3-8AA6-3B9C08594C38}
	EndGlobalSection
EndGlobal
